
Microsoft Visual Studio Solution File, Format Version 11.00
# Visual Studio 2010
Project("{FAE04EC0-301F-11D3-BF4B-00C04F79EFBC}") = "WordWrap", "WordWrap\WordWrap.csproj", "{AAA5A88C-0595-44F4-B285-34E1DEEE1675}"
EndProject
Project("{FAE04EC0-301F-11D3-BF4B-00C04F79EFBC}") = "SimpleSum", "SimpleSum\SimpleSum.csproj", "{CD1214BC-D1EC-4220-A85A-1E536F87EE5B}"
EndProject
Project("{FAE04EC0-301F-11D3-BF4B-00C04F79EFBC}") = "CodexReader", "CodexReader\CodexReader.csproj", "{63F48929-B575-46E0-A86D-1F904AF8531F}"
EndProject
Project("{FAE04EC0-301F-11D3-BF4B-00C04F79EFBC}") = "Huffman", "Huffman\Huffman.csproj", "{2BBB243A-B509-4FF4-B76B-53EB7E72572C}"
EndProject
Global
	GlobalSection(SolutionConfigurationPlatforms) = preSolution
		Debug|x86 = Debug|x86
		Release|x86 = Release|x86
	EndGlobalSection
	GlobalSection(ProjectConfigurationPlatforms) = postSolution
		{AAA5A88C-0595-44F4-B285-34E1DEEE1675}.Debug|x86.ActiveCfg = Debug|x86
		{AAA5A88C-0595-44F4-B285-34E1DEEE1675}.Debug|x86.Build.0 = Debug|x86
		{AAA5A88C-0595-44F4-B285-34E1DEEE1675}.Release|x86.ActiveCfg = Release|x86
		{AAA5A88C-0595-44F4-B285-34E1DEEE1675}.Release|x86.Build.0 = Release|x86
		{CD1214BC-D1EC-4220-A85A-1E536F87EE5B}.Debug|x86.ActiveCfg = Debug|x86
		{CD1214BC-D1EC-4220-A85A-1E536F87EE5B}.Debug|x86.Build.0 = Debug|x86
		{CD1214BC-D1EC-4220-A85A-1E536F87EE5B}.Release|x86.ActiveCfg = Release|x86
		{CD1214BC-D1EC-4220-A85A-1E536F87EE5B}.Release|x86.Build.0 = Release|x86
		{63F48929-B575-46E0-A86D-1F904AF8531F}.Debug|x86.ActiveCfg = Debug|x86
		{63F48929-B575-46E0-A86D-1F904AF8531F}.Debug|x86.Build.0 = Debug|x86
		{63F48929-B575-46E0-A86D-1F904AF8531F}.Release|x86.ActiveCfg = Release|x86
		{63F48929-B575-46E0-A86D-1F904AF8531F}.Release|x86.Build.0 = Release|x86
		{2BBB243A-B509-4FF4-B76B-53EB7E72572C}.Debug|x86.ActiveCfg = Debug|x86
		{2BBB243A-B509-4FF4-B76B-53EB7E72572C}.Debug|x86.Build.0 = Debug|x86
		{2BBB243A-B509-4FF4-B76B-53EB7E72572C}.Release|x86.ActiveCfg = Release|x86
		{2BBB243A-B509-4FF4-B76B-53EB7E72572C}.Release|x86.Build.0 = Release|x86
	EndGlobalSection
	GlobalSection(SolutionProperties) = preSolution
		HideSolutionNode = FALSE
	EndGlobalSection
EndGlobal
