
Microsoft Visual Studio Solution File, Format Version 11.00
# Visual Studio 2010
Project("{FAE04EC0-301F-11D3-BF4B-00C04F79EFBC}") = "WordWrap", "WordWrap\WordWrap.csproj", "{AAA5A88C-0595-44F4-B285-34E1DEEE1675}"
EndProject
Project("{FAE04EC0-301F-11D3-BF4B-00C04F79EFBC}") = "SimpleSum", "SimpleSum\SimpleSum.csproj", "{CD1214BC-D1EC-4220-A85A-1E536F87EE5B}"
EndProject
Project("{FAE04EC0-301F-11D3-BF4B-00C04F79EFBC}") = "CodexReader", "CodexReader\CodexReader.csproj", "{63F48929-B575-46E0-A86D-1F904AF8531F}"
EndProject
Project("{FAE04EC0-301F-11D3-BF4B-00C04F79EFBC}") = "Huffman", "Huffman\Huffman.csproj", "{2BBB243A-B509-4FF4-B76B-53EB7E72572C}"
EndProject
Project("{FAE04EC0-301F-11D3-BF4B-00C04F79EFBC}") = "Excel", "Excel\Excel.csproj", "{978B5DDF-1DE9-4DE3-B35A-A4701802B045}"
EndProject
Project("{FAE04EC0-301F-11D3-BF4B-00C04F79EFBC}") = "ExpressionEvaluation", "ExpressionEvaluation\ExpressionEvaluation.csproj", "{F4DCBC80-B570-4291-B975-96ACC65A0880}"
EndProject
Project("{FAE04EC0-301F-11D3-BF4B-00C04F79EFBC}") = "Deque", "Deque\Deque.csproj", "{E8AAA8CB-1F6F-49C5-9CF1-AED107E44D8F}"
EndProject
Project("{FAE04EC0-301F-11D3-BF4B-00C04F79EFBC}") = "GateNetworks", "GateNetworks\GateNetworks.csproj", "{3F6ADDFB-E28E-4490-83F7-E507AAA3BA83}"
EndProject
Project("{FAE04EC0-301F-11D3-BF4B-00C04F79EFBC}") = "SPath", "SPath\SPath.csproj", "{7402CFD2-E55B-4427-8328-DE95E5596D7C}"
EndProject
Project("{FAE04EC0-301F-11D3-BF4B-00C04F79EFBC}") = "ParallelMergeSort", "ParallelMergeSort\ParallelMergeSort.csproj", "{FB3F19E7-52C9-49CB-B5EB-C2A02AA376C5}"
EndProject
Project("{FAE04EC0-301F-11D3-BF4B-00C04F79EFBC}") = "ObjectList", "ObjectList\ObjectList.csproj", "{4D58A1B0-09CF-4714-B4FA-7FAA625B5995}"
EndProject
Project("{FAE04EC0-301F-11D3-BF4B-00C04F79EFBC}") = "ParallelFileSearch", "ParallelFileSearch\ParallelFileSearch.csproj", "{D3FB2269-75BD-4CF6-9824-278D92E68A4A}"
EndProject
Project("{FAE04EC0-301F-11D3-BF4B-00C04F79EFBC}") = "ParallelTaskSort", "ParallelTaskSort\ParallelTaskSort.csproj", "{E65A8FAE-C46C-4D5A-A4F1-A0B6EEF6E01F}"
EndProject
Project("{FAE04EC0-301F-11D3-BF4B-00C04F79EFBC}") = "Chat", "ChatClient\Chat.csproj", "{98FD160F-DFDF-47B6-89E2-AF78C365FBC0}"
EndProject
Project("{FAE04EC0-301F-11D3-BF4B-00C04F79EFBC}") = "LinqToObjects", "LinqTObjects\LinqToObjects.csproj", "{16501815-11C9-469B-82C9-BDC2FC9552B5}"
EndProject
Global
	GlobalSection(SolutionConfigurationPlatforms) = preSolution
		Debug|x86 = Debug|x86
		Release|x86 = Release|x86
	EndGlobalSection
	GlobalSection(ProjectConfigurationPlatforms) = postSolution
		{AAA5A88C-0595-44F4-B285-34E1DEEE1675}.Debug|x86.ActiveCfg = Debug|x86
		{AAA5A88C-0595-44F4-B285-34E1DEEE1675}.Debug|x86.Build.0 = Debug|x86
		{AAA5A88C-0595-44F4-B285-34E1DEEE1675}.Release|x86.ActiveCfg = Release|x86
		{AAA5A88C-0595-44F4-B285-34E1DEEE1675}.Release|x86.Build.0 = Release|x86
		{CD1214BC-D1EC-4220-A85A-1E536F87EE5B}.Debug|x86.ActiveCfg = Debug|x86
		{CD1214BC-D1EC-4220-A85A-1E536F87EE5B}.Debug|x86.Build.0 = Debug|x86
		{CD1214BC-D1EC-4220-A85A-1E536F87EE5B}.Release|x86.ActiveCfg = Release|x86
		{CD1214BC-D1EC-4220-A85A-1E536F87EE5B}.Release|x86.Build.0 = Release|x86
		{63F48929-B575-46E0-A86D-1F904AF8531F}.Debug|x86.ActiveCfg = Debug|x86
		{63F48929-B575-46E0-A86D-1F904AF8531F}.Debug|x86.Build.0 = Debug|x86
		{63F48929-B575-46E0-A86D-1F904AF8531F}.Release|x86.ActiveCfg = Release|x86
		{63F48929-B575-46E0-A86D-1F904AF8531F}.Release|x86.Build.0 = Release|x86
		{2BBB243A-B509-4FF4-B76B-53EB7E72572C}.Debug|x86.ActiveCfg = Debug|x86
		{2BBB243A-B509-4FF4-B76B-53EB7E72572C}.Debug|x86.Build.0 = Debug|x86
		{2BBB243A-B509-4FF4-B76B-53EB7E72572C}.Release|x86.ActiveCfg = Release|x86
		{2BBB243A-B509-4FF4-B76B-53EB7E72572C}.Release|x86.Build.0 = Release|x86
		{978B5DDF-1DE9-4DE3-B35A-A4701802B045}.Debug|x86.ActiveCfg = Debug|x86
		{978B5DDF-1DE9-4DE3-B35A-A4701802B045}.Debug|x86.Build.0 = Debug|x86
		{978B5DDF-1DE9-4DE3-B35A-A4701802B045}.Release|x86.ActiveCfg = Release|x86
		{978B5DDF-1DE9-4DE3-B35A-A4701802B045}.Release|x86.Build.0 = Release|x86
		{F4DCBC80-B570-4291-B975-96ACC65A0880}.Debug|x86.ActiveCfg = Debug|x86
		{F4DCBC80-B570-4291-B975-96ACC65A0880}.Debug|x86.Build.0 = Debug|x86
		{F4DCBC80-B570-4291-B975-96ACC65A0880}.Release|x86.ActiveCfg = Release|x86
		{F4DCBC80-B570-4291-B975-96ACC65A0880}.Release|x86.Build.0 = Release|x86
		{E8AAA8CB-1F6F-49C5-9CF1-AED107E44D8F}.Debug|x86.ActiveCfg = Debug|x86
		{E8AAA8CB-1F6F-49C5-9CF1-AED107E44D8F}.Debug|x86.Build.0 = Debug|x86
		{E8AAA8CB-1F6F-49C5-9CF1-AED107E44D8F}.Release|x86.ActiveCfg = Release|x86
		{E8AAA8CB-1F6F-49C5-9CF1-AED107E44D8F}.Release|x86.Build.0 = Release|x86
		{3F6ADDFB-E28E-4490-83F7-E507AAA3BA83}.Debug|x86.ActiveCfg = Debug|x86
		{3F6ADDFB-E28E-4490-83F7-E507AAA3BA83}.Debug|x86.Build.0 = Debug|x86
		{3F6ADDFB-E28E-4490-83F7-E507AAA3BA83}.Release|x86.ActiveCfg = Release|x86
		{3F6ADDFB-E28E-4490-83F7-E507AAA3BA83}.Release|x86.Build.0 = Release|x86
		{7402CFD2-E55B-4427-8328-DE95E5596D7C}.Debug|x86.ActiveCfg = Debug|x86
		{7402CFD2-E55B-4427-8328-DE95E5596D7C}.Debug|x86.Build.0 = Debug|x86
		{7402CFD2-E55B-4427-8328-DE95E5596D7C}.Release|x86.ActiveCfg = Release|x86
		{7402CFD2-E55B-4427-8328-DE95E5596D7C}.Release|x86.Build.0 = Release|x86
		{FB3F19E7-52C9-49CB-B5EB-C2A02AA376C5}.Debug|x86.ActiveCfg = Debug|x86
		{FB3F19E7-52C9-49CB-B5EB-C2A02AA376C5}.Debug|x86.Build.0 = Debug|x86
		{FB3F19E7-52C9-49CB-B5EB-C2A02AA376C5}.Release|x86.ActiveCfg = Release|x86
		{FB3F19E7-52C9-49CB-B5EB-C2A02AA376C5}.Release|x86.Build.0 = Release|x86
		{4D58A1B0-09CF-4714-B4FA-7FAA625B5995}.Debug|x86.ActiveCfg = Debug|x86
		{4D58A1B0-09CF-4714-B4FA-7FAA625B5995}.Debug|x86.Build.0 = Debug|x86
		{4D58A1B0-09CF-4714-B4FA-7FAA625B5995}.Release|x86.ActiveCfg = Release|x86
		{4D58A1B0-09CF-4714-B4FA-7FAA625B5995}.Release|x86.Build.0 = Release|x86
		{D3FB2269-75BD-4CF6-9824-278D92E68A4A}.Debug|x86.ActiveCfg = Debug|x86
		{D3FB2269-75BD-4CF6-9824-278D92E68A4A}.Debug|x86.Build.0 = Debug|x86
		{D3FB2269-75BD-4CF6-9824-278D92E68A4A}.Release|x86.ActiveCfg = Release|x86
		{D3FB2269-75BD-4CF6-9824-278D92E68A4A}.Release|x86.Build.0 = Release|x86
		{E65A8FAE-C46C-4D5A-A4F1-A0B6EEF6E01F}.Debug|x86.ActiveCfg = Debug|x86
		{E65A8FAE-C46C-4D5A-A4F1-A0B6EEF6E01F}.Debug|x86.Build.0 = Debug|x86
		{E65A8FAE-C46C-4D5A-A4F1-A0B6EEF6E01F}.Release|x86.ActiveCfg = Release|x86
		{E65A8FAE-C46C-4D5A-A4F1-A0B6EEF6E01F}.Release|x86.Build.0 = Release|x86
		{98FD160F-DFDF-47B6-89E2-AF78C365FBC0}.Debug|x86.ActiveCfg = Debug|x86
		{98FD160F-DFDF-47B6-89E2-AF78C365FBC0}.Debug|x86.Build.0 = Debug|x86
		{98FD160F-DFDF-47B6-89E2-AF78C365FBC0}.Release|x86.ActiveCfg = Release|x86
		{98FD160F-DFDF-47B6-89E2-AF78C365FBC0}.Release|x86.Build.0 = Release|x86
		{16501815-11C9-469B-82C9-BDC2FC9552B5}.Debug|x86.ActiveCfg = Debug|x86
		{16501815-11C9-469B-82C9-BDC2FC9552B5}.Debug|x86.Build.0 = Debug|x86
		{16501815-11C9-469B-82C9-BDC2FC9552B5}.Release|x86.ActiveCfg = Release|x86
		{16501815-11C9-469B-82C9-BDC2FC9552B5}.Release|x86.Build.0 = Release|x86
	EndGlobalSection
	GlobalSection(SolutionProperties) = preSolution
		HideSolutionNode = FALSE
	EndGlobalSection
EndGlobal
